// !$*UTF8*$!
{
	archiveVersion = 1;
	classes = {
	};
	objectVersion = 50;
	objects = {

/* Begin PBXBuildFile section */
		7AB47CBAF4FF7D05F6DDDC07 /* Pods_CheckListWithRealmTests.framework in Frameworks */ = {isa = PBXBuildFile; fileRef = 21BC78B079B7E8115AC512A8 /* Pods_CheckListWithRealmTests.framework */; };
		C31A5C3484CF20A31AF0FA27 /* Pods_CheckListWithRealm.framework in Frameworks */ = {isa = PBXBuildFile; fileRef = 9E77CA12AB80DC4ACF36CF3E /* Pods_CheckListWithRealm.framework */; };
		C6DBD6B421FB16D000D1BB3A /* AppDelegate.swift in Sources */ = {isa = PBXBuildFile; fileRef = C6DBD6B321FB16D000D1BB3A /* AppDelegate.swift */; };
		C6DBD6B621FB16D000D1BB3A /* CheckListViewController.swift in Sources */ = {isa = PBXBuildFile; fileRef = C6DBD6B521FB16D000D1BB3A /* CheckListViewController.swift */; };
		C6DBD6B921FB16D000D1BB3A /* Main.storyboard in Resources */ = {isa = PBXBuildFile; fileRef = C6DBD6B721FB16D000D1BB3A /* Main.storyboard */; };
		C6DBD6BB21FB16D200D1BB3A /* Assets.xcassets in Resources */ = {isa = PBXBuildFile; fileRef = C6DBD6BA21FB16D200D1BB3A /* Assets.xcassets */; };
		C6DBD6BE21FB16D200D1BB3A /* LaunchScreen.storyboard in Resources */ = {isa = PBXBuildFile; fileRef = C6DBD6BC21FB16D200D1BB3A /* LaunchScreen.storyboard */; };
		C6DBD6C921FB16D200D1BB3A /* CheckListWithRealmTests.swift in Sources */ = {isa = PBXBuildFile; fileRef = C6DBD6C821FB16D200D1BB3A /* CheckListWithRealmTests.swift */; };
		C6DBD6D621FB1AF300D1BB3A /* CategoryTableViewController.swift in Sources */ = {isa = PBXBuildFile; fileRef = C6DBD6D521FB1AF300D1BB3A /* CategoryTableViewController.swift */; };
		C6DBD6D821FB1F4400D1BB3A /* CheckListItem.swift in Sources */ = {isa = PBXBuildFile; fileRef = C6DBD6D721FB1F4400D1BB3A /* CheckListItem.swift */; };
		C6DBD6DA21FB1F5F00D1BB3A /* CheckListCategory.swift in Sources */ = {isa = PBXBuildFile; fileRef = C6DBD6D921FB1F5F00D1BB3A /* CheckListCategory.swift */; };
/* End PBXBuildFile section */

/* Begin PBXContainerItemProxy section */
		C6DBD6C521FB16D200D1BB3A /* PBXContainerItemProxy */ = {
			isa = PBXContainerItemProxy;
			containerPortal = C6DBD6A821FB16D000D1BB3A /* Project object */;
			proxyType = 1;
			remoteGlobalIDString = C6DBD6AF21FB16D000D1BB3A;
			remoteInfo = CheckListWithRealm;
		};
/* End PBXContainerItemProxy section */

/* Begin PBXFileReference section */
		180651D5FF7CC7B86A6B9DD7 /* Pods-CheckListWithRealm.debug.xcconfig */ = {isa = PBXFileReference; includeInIndex = 1; lastKnownFileType = text.xcconfig; name = "Pods-CheckListWithRealm.debug.xcconfig"; path = "Pods/Target Support Files/Pods-CheckListWithRealm/Pods-CheckListWithRealm.debug.xcconfig"; sourceTree = "<group>"; };
		21BC78B079B7E8115AC512A8 /* Pods_CheckListWithRealmTests.framework */ = {isa = PBXFileReference; explicitFileType = wrapper.framework; includeInIndex = 0; path = Pods_CheckListWithRealmTests.framework; sourceTree = BUILT_PRODUCTS_DIR; };
		4CA66D8BEA812FA5DEE07E2D /* Pods-CheckListWithRealmTests.debug.xcconfig */ = {isa = PBXFileReference; includeInIndex = 1; lastKnownFileType = text.xcconfig; name = "Pods-CheckListWithRealmTests.debug.xcconfig"; path = "Pods/Target Support Files/Pods-CheckListWithRealmTests/Pods-CheckListWithRealmTests.debug.xcconfig"; sourceTree = "<group>"; };
		56CDDF09757FDB3155E9075F /* Pods-CheckListWithRealmTests.release.xcconfig */ = {isa = PBXFileReference; includeInIndex = 1; lastKnownFileType = text.xcconfig; name = "Pods-CheckListWithRealmTests.release.xcconfig"; path = "Pods/Target Support Files/Pods-CheckListWithRealmTests/Pods-CheckListWithRealmTests.release.xcconfig"; sourceTree = "<group>"; };
		9E77CA12AB80DC4ACF36CF3E /* Pods_CheckListWithRealm.framework */ = {isa = PBXFileReference; explicitFileType = wrapper.framework; includeInIndex = 0; path = Pods_CheckListWithRealm.framework; sourceTree = BUILT_PRODUCTS_DIR; };
		C6DBD6B021FB16D000D1BB3A /* CheckListWithRealm.app */ = {isa = PBXFileReference; explicitFileType = wrapper.application; includeInIndex = 0; path = CheckListWithRealm.app; sourceTree = BUILT_PRODUCTS_DIR; };
		C6DBD6B321FB16D000D1BB3A /* AppDelegate.swift */ = {isa = PBXFileReference; lastKnownFileType = sourcecode.swift; path = AppDelegate.swift; sourceTree = "<group>"; };
		C6DBD6B521FB16D000D1BB3A /* CheckListViewController.swift */ = {isa = PBXFileReference; lastKnownFileType = sourcecode.swift; path = CheckListViewController.swift; sourceTree = "<group>"; };
		C6DBD6B821FB16D000D1BB3A /* Base */ = {isa = PBXFileReference; lastKnownFileType = file.storyboard; name = Base; path = Base.lproj/Main.storyboard; sourceTree = "<group>"; };
		C6DBD6BA21FB16D200D1BB3A /* Assets.xcassets */ = {isa = PBXFileReference; lastKnownFileType = folder.assetcatalog; path = Assets.xcassets; sourceTree = "<group>"; };
		C6DBD6BD21FB16D200D1BB3A /* Base */ = {isa = PBXFileReference; lastKnownFileType = file.storyboard; name = Base; path = Base.lproj/LaunchScreen.storyboard; sourceTree = "<group>"; };
		C6DBD6BF21FB16D200D1BB3A /* Info.plist */ = {isa = PBXFileReference; lastKnownFileType = text.plist.xml; path = Info.plist; sourceTree = "<group>"; };
		C6DBD6C421FB16D200D1BB3A /* CheckListWithRealmTests.xctest */ = {isa = PBXFileReference; explicitFileType = wrapper.cfbundle; includeInIndex = 0; path = CheckListWithRealmTests.xctest; sourceTree = BUILT_PRODUCTS_DIR; };
		C6DBD6C821FB16D200D1BB3A /* CheckListWithRealmTests.swift */ = {isa = PBXFileReference; lastKnownFileType = sourcecode.swift; path = CheckListWithRealmTests.swift; sourceTree = "<group>"; };
		C6DBD6CA21FB16D200D1BB3A /* Info.plist */ = {isa = PBXFileReference; lastKnownFileType = text.plist.xml; path = Info.plist; sourceTree = "<group>"; };
		C6DBD6D521FB1AF300D1BB3A /* CategoryTableViewController.swift */ = {isa = PBXFileReference; lastKnownFileType = sourcecode.swift; path = CategoryTableViewController.swift; sourceTree = "<group>"; };
		C6DBD6D721FB1F4400D1BB3A /* CheckListItem.swift */ = {isa = PBXFileReference; lastKnownFileType = sourcecode.swift; path = CheckListItem.swift; sourceTree = "<group>"; };
		C6DBD6D921FB1F5F00D1BB3A /* CheckListCategory.swift */ = {isa = PBXFileReference; lastKnownFileType = sourcecode.swift; path = CheckListCategory.swift; sourceTree = "<group>"; };
		DF72C8E164D42499F03A2D3A /* Pods-CheckListWithRealm.release.xcconfig */ = {isa = PBXFileReference; includeInIndex = 1; lastKnownFileType = text.xcconfig; name = "Pods-CheckListWithRealm.release.xcconfig"; path = "Pods/Target Support Files/Pods-CheckListWithRealm/Pods-CheckListWithRealm.release.xcconfig"; sourceTree = "<group>"; };
/* End PBXFileReference section */

/* Begin PBXFrameworksBuildPhase section */
		C6DBD6AD21FB16D000D1BB3A /* Frameworks */ = {
			isa = PBXFrameworksBuildPhase;
			buildActionMask = 2147483647;
			files = (
				C31A5C3484CF20A31AF0FA27 /* Pods_CheckListWithRealm.framework in Frameworks */,
			);
			runOnlyForDeploymentPostprocessing = 0;
		};
		C6DBD6C121FB16D200D1BB3A /* Frameworks */ = {
			isa = PBXFrameworksBuildPhase;
			buildActionMask = 2147483647;
			files = (
				7AB47CBAF4FF7D05F6DDDC07 /* Pods_CheckListWithRealmTests.framework in Frameworks */,
			);
			runOnlyForDeploymentPostprocessing = 0;
		};
/* End PBXFrameworksBuildPhase section */

/* Begin PBXGroup section */
		4CF521A1667385A799408C3F /* Pods */ = {
			isa = PBXGroup;
			children = (
				180651D5FF7CC7B86A6B9DD7 /* Pods-CheckListWithRealm.debug.xcconfig */,
				DF72C8E164D42499F03A2D3A /* Pods-CheckListWithRealm.release.xcconfig */,
				4CA66D8BEA812FA5DEE07E2D /* Pods-CheckListWithRealmTests.debug.xcconfig */,
				56CDDF09757FDB3155E9075F /* Pods-CheckListWithRealmTests.release.xcconfig */,
			);
			name = Pods;
			sourceTree = "<group>";
		};
		C28E2D91D56BAA9C97FEBAA5 /* Frameworks */ = {
			isa = PBXGroup;
			children = (
				9E77CA12AB80DC4ACF36CF3E /* Pods_CheckListWithRealm.framework */,
				21BC78B079B7E8115AC512A8 /* Pods_CheckListWithRealmTests.framework */,
			);
			name = Frameworks;
			sourceTree = "<group>";
		};
		C6DBD6A721FB16D000D1BB3A = {
			isa = PBXGroup;
			children = (
				C6DBD6B221FB16D000D1BB3A /* CheckListWithRealm */,
				C6DBD6C721FB16D200D1BB3A /* CheckListWithRealmTests */,
				C6DBD6B121FB16D000D1BB3A /* Products */,
				4CF521A1667385A799408C3F /* Pods */,
				C28E2D91D56BAA9C97FEBAA5 /* Frameworks */,
			);
			sourceTree = "<group>";
		};
		C6DBD6B121FB16D000D1BB3A /* Products */ = {
			isa = PBXGroup;
			children = (
				C6DBD6B021FB16D000D1BB3A /* CheckListWithRealm.app */,
				C6DBD6C421FB16D200D1BB3A /* CheckListWithRealmTests.xctest */,
			);
			name = Products;
			sourceTree = "<group>";
		};
		C6DBD6B221FB16D000D1BB3A /* CheckListWithRealm */ = {
			isa = PBXGroup;
			children = (
				C6DBD6D321FB19BE00D1BB3A /* Models */,
				C6DBD6D421FB19D400D1BB3A /* Controllers */,
				C6DBD6B321FB16D000D1BB3A /* AppDelegate.swift */,
				C6DBD6B721FB16D000D1BB3A /* Main.storyboard */,
				C6DBD6BA21FB16D200D1BB3A /* Assets.xcassets */,
				C6DBD6BC21FB16D200D1BB3A /* LaunchScreen.storyboard */,
				C6DBD6BF21FB16D200D1BB3A /* Info.plist */,
			);
			path = CheckListWithRealm;
			sourceTree = "<group>";
		};
		C6DBD6C721FB16D200D1BB3A /* CheckListWithRealmTests */ = {
			isa = PBXGroup;
			children = (
				C6DBD6C821FB16D200D1BB3A /* CheckListWithRealmTests.swift */,
				C6DBD6CA21FB16D200D1BB3A /* Info.plist */,
			);
			path = CheckListWithRealmTests;
			sourceTree = "<group>";
		};
		C6DBD6D321FB19BE00D1BB3A /* Models */ = {
			isa = PBXGroup;
			children = (
				C6DBD6D721FB1F4400D1BB3A /* CheckListItem.swift */,
				C6DBD6D921FB1F5F00D1BB3A /* CheckListCategory.swift */,
			);
			path = Models;
			sourceTree = "<group>";
		};
		C6DBD6D421FB19D400D1BB3A /* Controllers */ = {
			isa = PBXGroup;
			children = (
				C6DBD6D521FB1AF300D1BB3A /* CategoryTableViewController.swift */,
				C6DBD6B521FB16D000D1BB3A /* CheckListViewController.swift */,
			);
			path = Controllers;
			sourceTree = "<group>";
		};
/* End PBXGroup section */

/* Begin PBXNativeTarget section */
		C6DBD6AF21FB16D000D1BB3A /* CheckListWithRealm */ = {
			isa = PBXNativeTarget;
			buildConfigurationList = C6DBD6CD21FB16D200D1BB3A /* Build configuration list for PBXNativeTarget "CheckListWithRealm" */;
			buildPhases = (
				AE8631CF8A7CBC2034E273A4 /* [CP] Check Pods Manifest.lock */,
				C6DBD6AC21FB16D000D1BB3A /* Sources */,
				C6DBD6AD21FB16D000D1BB3A /* Frameworks */,
				C6DBD6AE21FB16D000D1BB3A /* Resources */,
				BD03348AEC928BBEE30501E6 /* [CP] Embed Pods Frameworks */,
			);
			buildRules = (
			);
			dependencies = (
			);
			name = CheckListWithRealm;
			productName = CheckListWithRealm;
			productReference = C6DBD6B021FB16D000D1BB3A /* CheckListWithRealm.app */;
			productType = "com.apple.product-type.application";
		};
		C6DBD6C321FB16D200D1BB3A /* CheckListWithRealmTests */ = {
			isa = PBXNativeTarget;
			buildConfigurationList = C6DBD6D021FB16D200D1BB3A /* Build configuration list for PBXNativeTarget "CheckListWithRealmTests" */;
			buildPhases = (
				C7631D39759DB946D28ECAF6 /* [CP] Check Pods Manifest.lock */,
				C6DBD6C021FB16D200D1BB3A /* Sources */,
				C6DBD6C121FB16D200D1BB3A /* Frameworks */,
				C6DBD6C221FB16D200D1BB3A /* Resources */,
			);
			buildRules = (
			);
			dependencies = (
				C6DBD6C621FB16D200D1BB3A /* PBXTargetDependency */,
			);
			name = CheckListWithRealmTests;
			productName = CheckListWithRealmTests;
			productReference = C6DBD6C421FB16D200D1BB3A /* CheckListWithRealmTests.xctest */;
			productType = "com.apple.product-type.bundle.unit-test";
		};
/* End PBXNativeTarget section */

/* Begin PBXProject section */
		C6DBD6A821FB16D000D1BB3A /* Project object */ = {
			isa = PBXProject;
			attributes = {
				LastSwiftUpdateCheck = 1000;
				LastUpgradeCheck = 1000;
				ORGANIZATIONNAME = rbsolutions;
				TargetAttributes = {
					C6DBD6AF21FB16D000D1BB3A = {
						CreatedOnToolsVersion = 10.0;
					};
					C6DBD6C321FB16D200D1BB3A = {
						CreatedOnToolsVersion = 10.0;
						TestTargetID = C6DBD6AF21FB16D000D1BB3A;
					};
				};
			};
			buildConfigurationList = C6DBD6AB21FB16D000D1BB3A /* Build configuration list for PBXProject "CheckListWithRealm" */;
			compatibilityVersion = "Xcode 9.3";
			developmentRegion = en;
			hasScannedForEncodings = 0;
			knownRegions = (
				en,
				Base,
			);
			mainGroup = C6DBD6A721FB16D000D1BB3A;
			productRefGroup = C6DBD6B121FB16D000D1BB3A /* Products */;
			projectDirPath = "";
			projectRoot = "";
			targets = (
				C6DBD6AF21FB16D000D1BB3A /* CheckListWithRealm */,
				C6DBD6C321FB16D200D1BB3A /* CheckListWithRealmTests */,
			);
		};
/* End PBXProject section */

/* Begin PBXResourcesBuildPhase section */
		C6DBD6AE21FB16D000D1BB3A /* Resources */ = {
			isa = PBXResourcesBuildPhase;
			buildActionMask = 2147483647;
			files = (
				C6DBD6BE21FB16D200D1BB3A /* LaunchScreen.storyboard in Resources */,
				C6DBD6BB21FB16D200D1BB3A /* Assets.xcassets in Resources */,
				C6DBD6B921FB16D000D1BB3A /* Main.storyboard in Resources */,
			);
			runOnlyForDeploymentPostprocessing = 0;
		};
		C6DBD6C221FB16D200D1BB3A /* Resources */ = {
			isa = PBXResourcesBuildPhase;
			buildActionMask = 2147483647;
			files = (
			);
			runOnlyForDeploymentPostprocessing = 0;
		};
/* End PBXResourcesBuildPhase section */

/* Begin PBXShellScriptBuildPhase section */
		AE8631CF8A7CBC2034E273A4 /* [CP] Check Pods Manifest.lock */ = {
			isa = PBXShellScriptBuildPhase;
			buildActionMask = 2147483647;
			files = (
			);
			inputFileListPaths = (
			);
			inputPaths = (
				"${PODS_PODFILE_DIR_PATH}/Podfile.lock",
				"${PODS_ROOT}/Manifest.lock",
			);
			name = "[CP] Check Pods Manifest.lock";
			outputFileListPaths = (
			);
			outputPaths = (
				"$(DERIVED_FILE_DIR)/Pods-CheckListWithRealm-checkManifestLockResult.txt",
			);
			runOnlyForDeploymentPostprocessing = 0;
			shellPath = /bin/sh;
			shellScript = "diff \"${PODS_PODFILE_DIR_PATH}/Podfile.lock\" \"${PODS_ROOT}/Manifest.lock\" > /dev/null\nif [ $? != 0 ] ; then\n    # print error to STDERR\n    echo \"error: The sandbox is not in sync with the Podfile.lock. Run 'pod install' or update your CocoaPods installation.\" >&2\n    exit 1\nfi\n# This output is used by Xcode 'outputs' to avoid re-running this script phase.\necho \"SUCCESS\" > \"${SCRIPT_OUTPUT_FILE_0}\"\n";
			showEnvVarsInLog = 0;
		};
		BD03348AEC928BBEE30501E6 /* [CP] Embed Pods Frameworks */ = {
			isa = PBXShellScriptBuildPhase;
			buildActionMask = 2147483647;
			files = (
			);
			inputFileListPaths = (
			);
			inputPaths = (
				"${SRCROOT}/Pods/Target Support Files/Pods-CheckListWithRealm/Pods-CheckListWithRealm-frameworks.sh",
				"${BUILT_PRODUCTS_DIR}/Realm/Realm.framework",
				"${BUILT_PRODUCTS_DIR}/RealmSwift/RealmSwift.framework",
			);
			name = "[CP] Embed Pods Frameworks";
			outputFileListPaths = (
			);
			outputPaths = (
				"${TARGET_BUILD_DIR}/${FRAMEWORKS_FOLDER_PATH}/Realm.framework",
				"${TARGET_BUILD_DIR}/${FRAMEWORKS_FOLDER_PATH}/RealmSwift.framework",
			);
			runOnlyForDeploymentPostprocessing = 0;
			shellPath = /bin/sh;
			shellScript = "\"${SRCROOT}/Pods/Target Support Files/Pods-CheckListWithRealm/Pods-CheckListWithRealm-frameworks.sh\"\n";
			showEnvVarsInLog = 0;
		};
		C7631D39759DB946D28ECAF6 /* [CP] Check Pods Manifest.lock */ = {
			isa = PBXShellScriptBuildPhase;
			buildActionMask = 2147483647;
			files = (
			);
			inputFileListPaths = (
			);
			inputPaths = (
				"${PODS_PODFILE_DIR_PATH}/Podfile.lock",
				"${PODS_ROOT}/Manifest.lock",
			);
			name = "[CP] Check Pods Manifest.lock";
			outputFileListPaths = (
			);
			outputPaths = (
				"$(DERIVED_FILE_DIR)/Pods-CheckListWithRealmTests-checkManifestLockResult.txt",
			);
			runOnlyForDeploymentPostprocessing = 0;
			shellPath = /bin/sh;
			shellScript = "diff \"${PODS_PODFILE_DIR_PATH}/Podfile.lock\" \"${PODS_ROOT}/Manifest.lock\" > /dev/null\nif [ $? != 0 ] ; then\n    # print error to STDERR\n    echo \"error: The sandbox is not in sync with the Podfile.lock. Run 'pod install' or update your CocoaPods installation.\" >&2\n    exit 1\nfi\n# This output is used by Xcode 'outputs' to avoid re-running this script phase.\necho \"SUCCESS\" > \"${SCRIPT_OUTPUT_FILE_0}\"\n";
			showEnvVarsInLog = 0;
		};
/* End PBXShellScriptBuildPhase section */

/* Begin PBXSourcesBuildPhase section */
		C6DBD6AC21FB16D000D1BB3A /* Sources */ = {
			isa = PBXSourcesBuildPhase;
			buildActionMask = 2147483647;
			files = (
				C6DBD6B621FB16D000D1BB3A /* CheckListViewController.swift in Sources */,
				C6DBD6B421FB16D000D1BB3A /* AppDelegate.swift in Sources */,
				C6DBD6D621FB1AF300D1BB3A /* CategoryTableViewController.swift in Sources */,
				C6DBD6DA21FB1F5F00D1BB3A /* CheckListCategory.swift in Sources */,
				C6DBD6D821FB1F4400D1BB3A /* CheckListItem.swift in Sources */,
			);
			runOnlyForDeploymentPostprocessing = 0;
		};
		C6DBD6C021FB16D200D1BB3A /* Sources */ = {
			isa = PBXSourcesBuildPhase;
			buildActionMask = 2147483647;
			files = (
				C6DBD6C921FB16D200D1BB3A /* CheckListWithRealmTests.swift in Sources */,
			);
			runOnlyForDeploymentPostprocessing = 0;
		};
/* End PBXSourcesBuildPhase section */

/* Begin PBXTargetDependency section */
		C6DBD6C621FB16D200D1BB3A /* PBXTargetDependency */ = {
			isa = PBXTargetDependency;
			target = C6DBD6AF21FB16D000D1BB3A /* CheckListWithRealm */;
			targetProxy = C6DBD6C521FB16D200D1BB3A /* PBXContainerItemProxy */;
		};
/* End PBXTargetDependency section */

/* Begin PBXVariantGroup section */
		C6DBD6B721FB16D000D1BB3A /* Main.storyboard */ = {
			isa = PBXVariantGroup;
			children = (
				C6DBD6B821FB16D000D1BB3A /* Base */,
			);
			name = Main.storyboard;
			sourceTree = "<group>";
		};
		C6DBD6BC21FB16D200D1BB3A /* LaunchScreen.storyboard */ = {
			isa = PBXVariantGroup;
			children = (
				C6DBD6BD21FB16D200D1BB3A /* Base */,
			);
			name = LaunchScreen.storyboard;
			sourceTree = "<group>";
		};
/* End PBXVariantGroup section */

/* Begin XCBuildConfiguration section */
		C6DBD6CB21FB16D200D1BB3A /* Debug */ = {
			isa = XCBuildConfiguration;
			buildSettings = {
				ALWAYS_SEARCH_USER_PATHS = NO;
				CLANG_ANALYZER_NONNULL = YES;
				CLANG_ANALYZER_NUMBER_OBJECT_CONVERSION = YES_AGGRESSIVE;
				CLANG_CXX_LANGUAGE_STANDARD = "gnu++14";
				CLANG_CXX_LIBRARY = "libc++";
				CLANG_ENABLE_MODULES = YES;
				CLANG_ENABLE_OBJC_ARC = YES;
				CLANG_ENABLE_OBJC_WEAK = YES;
				CLANG_WARN_BLOCK_CAPTURE_AUTORELEASING = YES;
				CLANG_WARN_BOOL_CONVERSION = YES;
				CLANG_WARN_COMMA = YES;
				CLANG_WARN_CONSTANT_CONVERSION = YES;
				CLANG_WARN_DEPRECATED_OBJC_IMPLEMENTATIONS = YES;
				CLANG_WARN_DIRECT_OBJC_ISA_USAGE = YES_ERROR;
				CLANG_WARN_DOCUMENTATION_COMMENTS = YES;
				CLANG_WARN_EMPTY_BODY = YES;
				CLANG_WARN_ENUM_CONVERSION = YES;
				CLANG_WARN_INFINITE_RECURSION = YES;
				CLANG_WARN_INT_CONVERSION = YES;
				CLANG_WARN_NON_LITERAL_NULL_CONVERSION = YES;
				CLANG_WARN_OBJC_IMPLICIT_RETAIN_SELF = YES;
				CLANG_WARN_OBJC_LITERAL_CONVERSION = YES;
				CLANG_WARN_OBJC_ROOT_CLASS = YES_ERROR;
				CLANG_WARN_RANGE_LOOP_ANALYSIS = YES;
				CLANG_WARN_STRICT_PROTOTYPES = YES;
				CLANG_WARN_SUSPICIOUS_MOVE = YES;
				CLANG_WARN_UNGUARDED_AVAILABILITY = YES_AGGRESSIVE;
				CLANG_WARN_UNREACHABLE_CODE = YES;
				CLANG_WARN__DUPLICATE_METHOD_MATCH = YES;
				CODE_SIGN_IDENTITY = "iPhone Developer";
				COPY_PHASE_STRIP = NO;
				DEBUG_INFORMATION_FORMAT = dwarf;
				ENABLE_STRICT_OBJC_MSGSEND = YES;
				ENABLE_TESTABILITY = YES;
				GCC_C_LANGUAGE_STANDARD = gnu11;
				GCC_DYNAMIC_NO_PIC = NO;
				GCC_NO_COMMON_BLOCKS = YES;
				GCC_OPTIMIZATION_LEVEL = 0;
				GCC_PREPROCESSOR_DEFINITIONS = (
					"DEBUG=1",
					"$(inherited)",
				);
				GCC_WARN_64_TO_32_BIT_CONVERSION = YES;
				GCC_WARN_ABOUT_RETURN_TYPE = YES_ERROR;
				GCC_WARN_UNDECLARED_SELECTOR = YES;
				GCC_WARN_UNINITIALIZED_AUTOS = YES_AGGRESSIVE;
				GCC_WARN_UNUSED_FUNCTION = YES;
				GCC_WARN_UNUSED_VARIABLE = YES;
				IPHONEOS_DEPLOYMENT_TARGET = 12.0;
				MTL_ENABLE_DEBUG_INFO = INCLUDE_SOURCE;
				MTL_FAST_MATH = YES;
				ONLY_ACTIVE_ARCH = YES;
				SDKROOT = iphoneos;
				SWIFT_ACTIVE_COMPILATION_CONDITIONS = DEBUG;
				SWIFT_OPTIMIZATION_LEVEL = "-Onone";
			};
			name = Debug;
		};
		C6DBD6CC21FB16D200D1BB3A /* Release */ = {
			isa = XCBuildConfiguration;
			buildSettings = {
				ALWAYS_SEARCH_USER_PATHS = NO;
				CLANG_ANALYZER_NONNULL = YES;
				CLANG_ANALYZER_NUMBER_OBJECT_CONVERSION = YES_AGGRESSIVE;
				CLANG_CXX_LANGUAGE_STANDARD = "gnu++14";
				CLANG_CXX_LIBRARY = "libc++";
				CLANG_ENABLE_MODULES = YES;
				CLANG_ENABLE_OBJC_ARC = YES;
				CLANG_ENABLE_OBJC_WEAK = YES;
				CLANG_WARN_BLOCK_CAPTURE_AUTORELEASING = YES;
				CLANG_WARN_BOOL_CONVERSION = YES;
				CLANG_WARN_COMMA = YES;
				CLANG_WARN_CONSTANT_CONVERSION = YES;
				CLANG_WARN_DEPRECATED_OBJC_IMPLEMENTATIONS = YES;
				CLANG_WARN_DIRECT_OBJC_ISA_USAGE = YES_ERROR;
				CLANG_WARN_DOCUMENTATION_COMMENTS = YES;
				CLANG_WARN_EMPTY_BODY = YES;
				CLANG_WARN_ENUM_CONVERSION = YES;
				CLANG_WARN_INFINITE_RECURSION = YES;
				CLANG_WARN_INT_CONVERSION = YES;
				CLANG_WARN_NON_LITERAL_NULL_CONVERSION = YES;
				CLANG_WARN_OBJC_IMPLICIT_RETAIN_SELF = YES;
				CLANG_WARN_OBJC_LITERAL_CONVERSION = YES;
				CLANG_WARN_OBJC_ROOT_CLASS = YES_ERROR;
				CLANG_WARN_RANGE_LOOP_ANALYSIS = YES;
				CLANG_WARN_STRICT_PROTOTYPES = YES;
				CLANG_WARN_SUSPICIOUS_MOVE = YES;
				CLANG_WARN_UNGUARDED_AVAILABILITY = YES_AGGRESSIVE;
				CLANG_WARN_UNREACHABLE_CODE = YES;
				CLANG_WARN__DUPLICATE_METHOD_MATCH = YES;
				CODE_SIGN_IDENTITY = "iPhone Developer";
				COPY_PHASE_STRIP = NO;
				DEBUG_INFORMATION_FORMAT = "dwarf-with-dsym";
				ENABLE_NS_ASSERTIONS = NO;
				ENABLE_STRICT_OBJC_MSGSEND = YES;
				GCC_C_LANGUAGE_STANDARD = gnu11;
				GCC_NO_COMMON_BLOCKS = YES;
				GCC_WARN_64_TO_32_BIT_CONVERSION = YES;
				GCC_WARN_ABOUT_RETURN_TYPE = YES_ERROR;
				GCC_WARN_UNDECLARED_SELECTOR = YES;
				GCC_WARN_UNINITIALIZED_AUTOS = YES_AGGRESSIVE;
				GCC_WARN_UNUSED_FUNCTION = YES;
				GCC_WARN_UNUSED_VARIABLE = YES;
				IPHONEOS_DEPLOYMENT_TARGET = 12.0;
				MTL_ENABLE_DEBUG_INFO = NO;
				MTL_FAST_MATH = YES;
				SDKROOT = iphoneos;
				SWIFT_COMPILATION_MODE = wholemodule;
				SWIFT_OPTIMIZATION_LEVEL = "-O";
				VALIDATE_PRODUCT = YES;
			};
			name = Release;
		};
		C6DBD6CE21FB16D200D1BB3A /* Debug */ = {
			isa = XCBuildConfiguration;
			baseConfigurationReference = 180651D5FF7CC7B86A6B9DD7 /* Pods-CheckListWithRealm.debug.xcconfig */;
			buildSettings = {
				ASSETCATALOG_COMPILER_APPICON_NAME = AppIcon;
				CODE_SIGN_STYLE = Automatic;
				DEVELOPMENT_TEAM = 8VPJASHB6G;
				INFOPLIST_FILE = CheckListWithRealm/Info.plist;
				LD_RUNPATH_SEARCH_PATHS = (
					"$(inherited)",
					"@executable_path/Frameworks",
				);
				PRODUCT_BUNDLE_IDENTIFIER = com.rbsolutions.CheckListWithRealm;
				PRODUCT_NAME = "$(TARGET_NAME)";
				SWIFT_VERSION = 4.2;
				TARGETED_DEVICE_FAMILY = "1,2";
			};
			name = Debug;
		};
		C6DBD6CF21FB16D200D1BB3A /* Release */ = {
			isa = XCBuildConfiguration;
			baseConfigurationReference = DF72C8E164D42499F03A2D3A /* Pods-CheckListWithRealm.release.xcconfig */;
			buildSettings = {
				ASSETCATALOG_COMPILER_APPICON_NAME = AppIcon;
				CODE_SIGN_STYLE = Automatic;
				DEVELOPMENT_TEAM = 8VPJASHB6G;
				INFOPLIST_FILE = CheckListWithRealm/Info.plist;
				LD_RUNPATH_SEARCH_PATHS = (
					"$(inherited)",
					"@executable_path/Frameworks",
				);
				PRODUCT_BUNDLE_IDENTIFIER = com.rbsolutions.CheckListWithRealm;
				PRODUCT_NAME = "$(TARGET_NAME)";
				SWIFT_VERSION = 4.2;
				TARGETED_DEVICE_FAMILY = "1,2";
			};
			name = Release;
		};
		C6DBD6D121FB16D200D1BB3A /* Debug */ = {
			isa = XCBuildConfiguration;
			baseConfigurationReference = 4CA66D8BEA812FA5DEE07E2D /* Pods-CheckListWithRealmTests.debug.xcconfig */;
			buildSettings = {
				ALWAYS_EMBED_SWIFT_STANDARD_LIBRARIES = YES;
				BUNDLE_LOADER = "$(TEST_HOST)";
				CODE_SIGN_STYLE = Automatic;
				DEVELOPMENT_TEAM = 8VPJASHB6G;
				INFOPLIST_FILE = CheckListWithRealmTests/Info.plist;
				LD_RUNPATH_SEARCH_PATHS = (
					"$(inherited)",
					"@executable_path/Frameworks",
					"@loader_path/Frameworks",
				);
				PRODUCT_BUNDLE_IDENTIFIER = com.rbsolutions.CheckListWithRealmTests;
				PRODUCT_NAME = "$(TARGET_NAME)";
				SWIFT_VERSION = 4.2;
				TARGETED_DEVICE_FAMILY = "1,2";
				TEST_HOST = "$(BUILT_PRODUCTS_DIR)/CheckListWithRealm.app/CheckListWithRealm";
			};
			name = Debug;
		};
		C6DBD6D221FB16D200D1BB3A /* Release */ = {
			isa = XCBuildConfiguration;
			baseConfigurationReference = 56CDDF09757FDB3155E9075F /* Pods-CheckListWithRealmTests.release.xcconfig */;
			buildSettings = {
				ALWAYS_EMBED_SWIFT_STANDARD_LIBRARIES = YES;
				BUNDLE_LOADER = "$(TEST_HOST)";
				CODE_SIGN_STYLE = Automatic;
				DEVELOPMENT_TEAM = 8VPJASHB6G;
				INFOPLIST_FILE = CheckListWithRealmTests/Info.plist;
				LD_RUNPATH_SEARCH_PATHS = (
					"$(inherited)",
					"@executable_path/Frameworks",
					"@loader_path/Frameworks",
				);
				PRODUCT_BUNDLE_IDENTIFIER = com.rbsolutions.CheckListWithRealmTests;
				PRODUCT_NAME = "$(TARGET_NAME)";
				SWIFT_VERSION = 4.2;
				TARGETED_DEVICE_FAMILY = "1,2";
				TEST_HOST = "$(BUILT_PRODUCTS_DIR)/CheckListWithRealm.app/CheckListWithRealm";
			};
			name = Release;
		};
/* End XCBuildConfiguration section */

/* Begin XCConfigurationList section */
		C6DBD6AB21FB16D000D1BB3A /* Build configuration list for PBXProject "CheckListWithRealm" */ = {
			isa = XCConfigurationList;
			buildConfigurations = (
				C6DBD6CB21FB16D200D1BB3A /* Debug */,
				C6DBD6CC21FB16D200D1BB3A /* Release */,
			);
			defaultConfigurationIsVisible = 0;
			defaultConfigurationName = Release;
		};
		C6DBD6CD21FB16D200D1BB3A /* Build configuration list for PBXNativeTarget "CheckListWithRealm" */ = {
			isa = XCConfigurationList;
			buildConfigurations = (
				C6DBD6CE21FB16D200D1BB3A /* Debug */,
				C6DBD6CF21FB16D200D1BB3A /* Release */,
			);
			defaultConfigurationIsVisible = 0;
			defaultConfigurationName = Release;
		};
		C6DBD6D021FB16D200D1BB3A /* Build configuration list for PBXNativeTarget "CheckListWithRealmTests" */ = {
			isa = XCConfigurationList;
			buildConfigurations = (
				C6DBD6D121FB16D200D1BB3A /* Debug */,
				C6DBD6D221FB16D200D1BB3A /* Release */,
			);
			defaultConfigurationIsVisible = 0;
			defaultConfigurationName = Release;
		};
/* End XCConfigurationList section */
	};
	rootObject = C6DBD6A821FB16D000D1BB3A /* Project object */;
}
